// !$*UTF8*$!
{
	archiveVersion = 1;
	classes = {
	};
	objectVersion = 56;
	objects = {

/* Begin PBXBuildFile section */
		8823B09329019693007C45FB /* AppDelegate.swift in Sources */ = {isa = PBXBuildFile; fileRef = 8823B09229019693007C45FB /* AppDelegate.swift */; };
		8823B09529019693007C45FB /* SceneDelegate.swift in Sources */ = {isa = PBXBuildFile; fileRef = 8823B09429019693007C45FB /* SceneDelegate.swift */; };
		8823B09729019693007C45FB /* ViewController.swift in Sources */ = {isa = PBXBuildFile; fileRef = 8823B09629019693007C45FB /* ViewController.swift */; };
		8823B09A29019693007C45FB /* Main.storyboard in Resources */ = {isa = PBXBuildFile; fileRef = 8823B09829019693007C45FB /* Main.storyboard */; };
		8823B09C29019693007C45FB /* Assets.xcassets in Resources */ = {isa = PBXBuildFile; fileRef = 8823B09B29019693007C45FB /* Assets.xcassets */; };
		8823B09F29019693007C45FB /* LaunchScreen.storyboard in Resources */ = {isa = PBXBuildFile; fileRef = 8823B09D29019693007C45FB /* LaunchScreen.storyboard */; };
		8823B0A729019989007C45FB /* MercedesProtocol.swift in Sources */ = {isa = PBXBuildFile; fileRef = 8823B0A629019989007C45FB /* MercedesProtocol.swift */; };
		8823B0A9290199CF007C45FB /* MercedesCLA.swift in Sources */ = {isa = PBXBuildFile; fileRef = 8823B0A8290199CF007C45FB /* MercedesCLA.swift */; };
		8823B0AD29019A70007C45FB /* MercedesDecorator.swift in Sources */ = {isa = PBXBuildFile; fileRef = 8823B0AC29019A70007C45FB /* MercedesDecorator.swift */; };
		8823B0AF29019E11007C45FB /* PanframeRoof.swift in Sources */ = {isa = PBXBuildFile; fileRef = 8823B0AE29019E11007C45FB /* PanframeRoof.swift */; };
		8823B0B129019F67007C45FB /* AlloyWheels.swift in Sources */ = {isa = PBXBuildFile; fileRef = 8823B0B029019F67007C45FB /* AlloyWheels.swift */; };
/* End PBXBuildFile section */

/* Begin PBXFileReference section */
		8823B08F29019693007C45FB /* Decorator.app */ = {isa = PBXFileReference; explicitFileType = wrapper.application; includeInIndex = 0; path = Decorator.app; sourceTree = BUILT_PRODUCTS_DIR; };
		8823B09229019693007C45FB /* AppDelegate.swift */ = {isa = PBXFileReference; lastKnownFileType = sourcecode.swift; path = AppDelegate.swift; sourceTree = "<group>"; };
		8823B09429019693007C45FB /* SceneDelegate.swift */ = {isa = PBXFileReference; lastKnownFileType = sourcecode.swift; path = SceneDelegate.swift; sourceTree = "<group>"; };
		8823B09629019693007C45FB /* ViewController.swift */ = {isa = PBXFileReference; lastKnownFileType = sourcecode.swift; path = ViewController.swift; sourceTree = "<group>"; };
		8823B09929019693007C45FB /* Base */ = {isa = PBXFileReference; lastKnownFileType = file.storyboard; name = Base; path = Base.lproj/Main.storyboard; sourceTree = "<group>"; };
		8823B09B29019693007C45FB /* Assets.xcassets */ = {isa = PBXFileReference; lastKnownFileType = folder.assetcatalog; path = Assets.xcassets; sourceTree = "<group>"; };
		8823B09E29019693007C45FB /* Base */ = {isa = PBXFileReference; lastKnownFileType = file.storyboard; name = Base; path = Base.lproj/LaunchScreen.storyboard; sourceTree = "<group>"; };
		8823B0A029019693007C45FB /* Info.plist */ = {isa = PBXFileReference; lastKnownFileType = text.plist.xml; path = Info.plist; sourceTree = "<group>"; };
		8823B0A629019989007C45FB /* MercedesProtocol.swift */ = {isa = PBXFileReference; lastKnownFileType = sourcecode.swift; path = MercedesProtocol.swift; sourceTree = "<group>"; };
		8823B0A8290199CF007C45FB /* MercedesCLA.swift */ = {isa = PBXFileReference; lastKnownFileType = sourcecode.swift; path = MercedesCLA.swift; sourceTree = "<group>"; };
		8823B0AC29019A70007C45FB /* MercedesDecorator.swift */ = {isa = PBXFileReference; lastKnownFileType = sourcecode.swift; path = MercedesDecorator.swift; sourceTree = "<group>"; };
		8823B0AE29019E11007C45FB /* PanframeRoof.swift */ = {isa = PBXFileReference; lastKnownFileType = sourcecode.swift; path = PanframeRoof.swift; sourceTree = "<group>"; };
		8823B0B029019F67007C45FB /* AlloyWheels.swift */ = {isa = PBXFileReference; lastKnownFileType = sourcecode.swift; path = AlloyWheels.swift; sourceTree = "<group>"; };
/* End PBXFileReference section */

/* Begin PBXFrameworksBuildPhase section */
		8823B08C29019693007C45FB /* Frameworks */ = {
			isa = PBXFrameworksBuildPhase;
			buildActionMask = 2147483647;
			files = (
			);
			runOnlyForDeploymentPostprocessing = 0;
		};
/* End PBXFrameworksBuildPhase section */

/* Begin PBXGroup section */
		8823B08629019693007C45FB = {
			isa = PBXGroup;
			children = (
				8823B09129019693007C45FB /* Decorator */,
				8823B09029019693007C45FB /* Products */,
			);
			sourceTree = "<group>";
		};
		8823B09029019693007C45FB /* Products */ = {
			isa = PBXGroup;
			children = (
				8823B08F29019693007C45FB /* Decorator.app */,
			);
			name = Products;
			sourceTree = "<group>";
		};
		8823B09129019693007C45FB /* Decorator */ = {
			isa = PBXGroup;
			children = (
				8823B09229019693007C45FB /* AppDelegate.swift */,
				8823B09429019693007C45FB /* SceneDelegate.swift */,
				8823B09629019693007C45FB /* ViewController.swift */,
				8823B0AB29019A5A007C45FB /* Decorator */,
				8823B0AA29019A53007C45FB /* Car */,
				8823B09829019693007C45FB /* Main.storyboard */,
				8823B09B29019693007C45FB /* Assets.xcassets */,
				8823B09D29019693007C45FB /* LaunchScreen.storyboard */,
				8823B0A029019693007C45FB /* Info.plist */,
			);
			path = Decorator;
			sourceTree = "<group>";
		};
		8823B0AA29019A53007C45FB /* Car */ = {
			isa = PBXGroup;
			children = (
				8823B0A629019989007C45FB /* MercedesProtocol.swift */,
				8823B0A8290199CF007C45FB /* MercedesCLA.swift */,
			);
			path = Car;
			sourceTree = "<group>";
		};
		8823B0AB29019A5A007C45FB /* Decorator */ = {
			isa = PBXGroup;
			children = (
				8823B0AC29019A70007C45FB /* MercedesDecorator.swift */,
				8823B0AE29019E11007C45FB /* PanframeRoof.swift */,
				8823B0B029019F67007C45FB /* AlloyWheels.swift */,
			);
			path = Decorator;
			sourceTree = "<group>";
		};
/* End PBXGroup section */

/* Begin PBXNativeTarget section */
		8823B08E29019693007C45FB /* Decorator */ = {
			isa = PBXNativeTarget;
			buildConfigurationList = 8823B0A329019693007C45FB /* Build configuration list for PBXNativeTarget "Decorator" */;
			buildPhases = (
				8823B08B29019693007C45FB /* Sources */,
				8823B08C29019693007C45FB /* Frameworks */,
				8823B08D29019693007C45FB /* Resources */,
			);
			buildRules = (
			);
			dependencies = (
			);
			name = Decorator;
			productName = Decorator;
			productReference = 8823B08F29019693007C45FB /* Decorator.app */;
			productType = "com.apple.product-type.application";
		};
/* End PBXNativeTarget section */

/* Begin PBXProject section */
		8823B08729019693007C45FB /* Project object */ = {
			isa = PBXProject;
			attributes = {
				BuildIndependentTargetsInParallel = 1;
				LastSwiftUpdateCheck = 1400;
				LastUpgradeCheck = 1400;
				TargetAttributes = {
					8823B08E29019693007C45FB = {
						CreatedOnToolsVersion = 14.0.1;
					};
				};
			};
			buildConfigurationList = 8823B08A29019693007C45FB /* Build configuration list for PBXProject "Decorator" */;
			compatibilityVersion = "Xcode 14.0";
			developmentRegion = en;
			hasScannedForEncodings = 0;
			knownRegions = (
				en,
				Base,
			);
			mainGroup = 8823B08629019693007C45FB;
			productRefGroup = 8823B09029019693007C45FB /* Products */;
			projectDirPath = "";
			projectRoot = "";
			targets = (
				8823B08E29019693007C45FB /* Decorator */,
			);
		};
/* End PBXProject section */

/* Begin PBXResourcesBuildPhase section */
		8823B08D29019693007C45FB /* Resources */ = {
			isa = PBXResourcesBuildPhase;
			buildActionMask = 2147483647;
			files = (
				8823B09F29019693007C45FB /* LaunchScreen.storyboard in Resources */,
				8823B09C29019693007C45FB /* Assets.xcassets in Resources */,
				8823B09A29019693007C45FB /* Main.storyboard in Resources */,
			);
			runOnlyForDeploymentPostprocessing = 0;
		};
/* End PBXResourcesBuildPhase section */

/* Begin PBXSourcesBuildPhase section */
		8823B08B29019693007C45FB /* Sources */ = {
			isa = PBXSourcesBuildPhase;
			buildActionMask = 2147483647;
			files = (
				8823B09729019693007C45FB /* ViewController.swift in Sources */,
				8823B09329019693007C45FB /* AppDelegate.swift in Sources */,
				8823B0AF29019E11007C45FB /* PanframeRoof.swift in Sources */,
				8823B09529019693007C45FB /* SceneDelegate.swift in Sources */,
				8823B0AD29019A70007C45FB /* MercedesDecorator.swift in Sources */,
				8823B0B129019F67007C45FB /* AlloyWheels.swift in Sources */,
				8823B0A9290199CF007C45FB /* MercedesCLA.swift in Sources */,
				8823B0A729019989007C45FB /* MercedesProtocol.swift in Sources */,
			);
			runOnlyForDeploymentPostprocessing = 0;
		};
/* End PBXSourcesBuildPhase section */

/* Begin PBXVariantGroup section */
		8823B09829019693007C45FB /* Main.storyboard */ = {
			isa = PBXVariantGroup;
			children = (
				8823B09929019693007C45FB /* Base */,
			);
			name = Main.storyboard;
			sourceTree = "<group>";
		};
		8823B09D29019693007C45FB /* LaunchScreen.storyboard */ = {
			isa = PBXVariantGroup;
			children = (
				8823B09E29019693007C45FB /* Base */,
			);
			name = LaunchScreen.storyboard;
			sourceTree = "<group>";
		};
/* End PBXVariantGroup section */

/* Begin XCBuildConfiguration section */
		8823B0A129019693007C45FB /* Debug */ = {
			isa = XCBuildConfiguration;
			buildSettings = {
				ALWAYS_SEARCH_USER_PATHS = NO;
				CLANG_ANALYZER_NONNULL = YES;
				CLANG_ANALYZER_NUMBER_OBJECT_CONVERSION = YES_AGGRESSIVE;
				CLANG_CXX_LANGUAGE_STANDARD = "gnu++20";
				CLANG_ENABLE_MODULES = YES;
				CLANG_ENABLE_OBJC_ARC = YES;
				CLANG_ENABLE_OBJC_WEAK = YES;
				CLANG_WARN_BLOCK_CAPTURE_AUTORELEASING = YES;
				CLANG_WARN_BOOL_CONVERSION = YES;
				CLANG_WARN_COMMA = YES;
				CLANG_WARN_CONSTANT_CONVERSION = YES;
				CLANG_WARN_DEPRECATED_OBJC_IMPLEMENTATIONS = YES;
				CLANG_WARN_DIRECT_OBJC_ISA_USAGE = YES_ERROR;
				CLANG_WARN_DOCUMENTATION_COMMENTS = YES;
				CLANG_WARN_EMPTY_BODY = YES;
				CLANG_WARN_ENUM_CONVERSION = YES;
				CLANG_WARN_INFINITE_RECURSION = YES;
				CLANG_WARN_INT_CONVERSION = YES;
				CLANG_WARN_NON_LITERAL_NULL_CONVERSION = YES;
				CLANG_WARN_OBJC_IMPLICIT_RETAIN_SELF = YES;
				CLANG_WARN_OBJC_LITERAL_CONVERSION = YES;
				CLANG_WARN_OBJC_ROOT_CLASS = YES_ERROR;
				CLANG_WARN_QUOTED_INCLUDE_IN_FRAMEWORK_HEADER = YES;
				CLANG_WARN_RANGE_LOOP_ANALYSIS = YES;
				CLANG_WARN_STRICT_PROTOTYPES = YES;
				CLANG_WARN_SUSPICIOUS_MOVE = YES;
				CLANG_WARN_UNGUARDED_AVAILABILITY = YES_AGGRESSIVE;
				CLANG_WARN_UNREACHABLE_CODE = YES;
				CLANG_WARN__DUPLICATE_METHOD_MATCH = YES;
				COPY_PHASE_STRIP = NO;
				DEBUG_INFORMATION_FORMAT = dwarf;
				ENABLE_STRICT_OBJC_MSGSEND = YES;
				ENABLE_TESTABILITY = YES;
				GCC_C_LANGUAGE_STANDARD = gnu11;
				GCC_DYNAMIC_NO_PIC = NO;
				GCC_NO_COMMON_BLOCKS = YES;
				GCC_OPTIMIZATION_LEVEL = 0;
				GCC_PREPROCESSOR_DEFINITIONS = (
					"DEBUG=1",
					"$(inherited)",
				);
				GCC_WARN_64_TO_32_BIT_CONVERSION = YES;
				GCC_WARN_ABOUT_RETURN_TYPE = YES_ERROR;
				GCC_WARN_UNDECLARED_SELECTOR = YES;
				GCC_WARN_UNINITIALIZED_AUTOS = YES_AGGRESSIVE;
				GCC_WARN_UNUSED_FUNCTION = YES;
				GCC_WARN_UNUSED_VARIABLE = YES;
				IPHONEOS_DEPLOYMENT_TARGET = 16.0;
				MTL_ENABLE_DEBUG_INFO = INCLUDE_SOURCE;
				MTL_FAST_MATH = YES;
				ONLY_ACTIVE_ARCH = YES;
				SDKROOT = iphoneos;
				SWIFT_ACTIVE_COMPILATION_CONDITIONS = DEBUG;
				SWIFT_OPTIMIZATION_LEVEL = "-Onone";
			};
			name = Debug;
		};
		8823B0A229019693007C45FB /* Release */ = {
			isa = XCBuildConfiguration;
			buildSettings = {
				ALWAYS_SEARCH_USER_PATHS = NO;
				CLANG_ANALYZER_NONNULL = YES;
				CLANG_ANALYZER_NUMBER_OBJECT_CONVERSION = YES_AGGRESSIVE;
				CLANG_CXX_LANGUAGE_STANDARD = "gnu++20";
				CLANG_ENABLE_MODULES = YES;
				CLANG_ENABLE_OBJC_ARC = YES;
				CLANG_ENABLE_OBJC_WEAK = YES;
				CLANG_WARN_BLOCK_CAPTURE_AUTORELEASING = YES;
				CLANG_WARN_BOOL_CONVERSION = YES;
				CLANG_WARN_COMMA = YES;
				CLANG_WARN_CONSTANT_CONVERSION = YES;
				CLANG_WARN_DEPRECATED_OBJC_IMPLEMENTATIONS = YES;
				CLANG_WARN_DIRECT_OBJC_ISA_USAGE = YES_ERROR;
				CLANG_WARN_DOCUMENTATION_COMMENTS = YES;
				CLANG_WARN_EMPTY_BODY = YES;
				CLANG_WARN_ENUM_CONVERSION = YES;
				CLANG_WARN_INFINITE_RECURSION = YES;
				CLANG_WARN_INT_CONVERSION = YES;
				CLANG_WARN_NON_LITERAL_NULL_CONVERSION = YES;
				CLANG_WARN_OBJC_IMPLICIT_RETAIN_SELF = YES;
				CLANG_WARN_OBJC_LITERAL_CONVERSION = YES;
				CLANG_WARN_OBJC_ROOT_CLASS = YES_ERROR;
				CLANG_WARN_QUOTED_INCLUDE_IN_FRAMEWORK_HEADER = YES;
				CLANG_WARN_RANGE_LOOP_ANALYSIS = YES;
				CLANG_WARN_STRICT_PROTOTYPES = YES;
				CLANG_WARN_SUSPICIOUS_MOVE = YES;
				CLANG_WARN_UNGUARDED_AVAILABILITY = YES_AGGRESSIVE;
				CLANG_WARN_UNREACHABLE_CODE = YES;
				CLANG_WARN__DUPLICATE_METHOD_MATCH = YES;
				COPY_PHASE_STRIP = NO;
				DEBUG_INFORMATION_FORMAT = "dwarf-with-dsym";
				ENABLE_NS_ASSERTIONS = NO;
				ENABLE_STRICT_OBJC_MSGSEND = YES;
				GCC_C_LANGUAGE_STANDARD = gnu11;
				GCC_NO_COMMON_BLOCKS = YES;
				GCC_WARN_64_TO_32_BIT_CONVERSION = YES;
				GCC_WARN_ABOUT_RETURN_TYPE = YES_ERROR;
				GCC_WARN_UNDECLARED_SELECTOR = YES;
				GCC_WARN_UNINITIALIZED_AUTOS = YES_AGGRESSIVE;
				GCC_WARN_UNUSED_FUNCTION = YES;
				GCC_WARN_UNUSED_VARIABLE = YES;
				IPHONEOS_DEPLOYMENT_TARGET = 16.0;
				MTL_ENABLE_DEBUG_INFO = NO;
				MTL_FAST_MATH = YES;
				SDKROOT = iphoneos;
				SWIFT_COMPILATION_MODE = wholemodule;
				SWIFT_OPTIMIZATION_LEVEL = "-O";
				VALIDATE_PRODUCT = YES;
			};
			name = Release;
		};
		8823B0A429019693007C45FB /* Debug */ = {
			isa = XCBuildConfiguration;
			buildSettings = {
				ASSETCATALOG_COMPILER_APPICON_NAME = AppIcon;
				ASSETCATALOG_COMPILER_GLOBAL_ACCENT_COLOR_NAME = AccentColor;
				CODE_SIGN_STYLE = Automatic;
				CURRENT_PROJECT_VERSION = 1;
				DEVELOPMENT_TEAM = C89RJ7Z5HJ;
				GENERATE_INFOPLIST_FILE = YES;
				INFOPLIST_FILE = Decorator/Info.plist;
				INFOPLIST_KEY_UIApplicationSupportsIndirectInputEvents = YES;
				INFOPLIST_KEY_UILaunchStoryboardName = LaunchScreen;
				INFOPLIST_KEY_UIMainStoryboardFile = Main;
				INFOPLIST_KEY_UISupportedInterfaceOrientations_iPad = "UIInterfaceOrientationPortrait UIInterfaceOrientationPortraitUpsideDown UIInterfaceOrientationLandscapeLeft UIInterfaceOrientationLandscapeRight";
				INFOPLIST_KEY_UISupportedInterfaceOrientations_iPhone = "UIInterfaceOrientationPortrait UIInterfaceOrientationLandscapeLeft UIInterfaceOrientationLandscapeRight";
				LD_RUNPATH_SEARCH_PATHS = (
					"$(inherited)",
					"@executable_path/Frameworks",
				);
				MARKETING_VERSION = 1.0;
				PRODUCT_BUNDLE_IDENTIFIER = com.iosnichek.Decorator;
				PRODUCT_NAME = "$(TARGET_NAME)";
				SWIFT_EMIT_LOC_STRINGS = YES;
				SWIFT_VERSION = 5.0;
				TARGETED_DEVICE_FAMILY = "1,2";
			};
			name = Debug;
		};
		8823B0A529019693007C45FB /* Release */ = {
			isa = XCBuildConfiguration;
			buildSettings = {
				ASSETCATALOG_COMPILER_APPICON_NAME = AppIcon;
				ASSETCATALOG_COMPILER_GLOBAL_ACCENT_COLOR_NAME = AccentColor;
				CODE_SIGN_STYLE = Automatic;
				CURRENT_PROJECT_VERSION = 1;
				DEVELOPMENT_TEAM = C89RJ7Z5HJ;
				GENERATE_INFOPLIST_FILE = YES;
				INFOPLIST_FILE = Decorator/Info.plist;
				INFOPLIST_KEY_UIApplicationSupportsIndirectInputEvents = YES;
				INFOPLIST_KEY_UILaunchStoryboardName = LaunchScreen;
				INFOPLIST_KEY_UIMainStoryboardFile = Main;
				INFOPLIST_KEY_UISupportedInterfaceOrientations_iPad = "UIInterfaceOrientationPortrait UIInterfaceOrientationPortraitUpsideDown UIInterfaceOrientationLandscapeLeft UIInterfaceOrientationLandscapeRight";
				INFOPLIST_KEY_UISupportedInterfaceOrientations_iPhone = "UIInterfaceOrientationPortrait UIInterfaceOrientationLandscapeLeft UIInterfaceOrientationLandscapeRight";
				LD_RUNPATH_SEARCH_PATHS = (
					"$(inherited)",
					"@executable_path/Frameworks",
				);
				MARKETING_VERSION = 1.0;
				PRODUCT_BUNDLE_IDENTIFIER = com.iosnichek.Decorator;
				PRODUCT_NAME = "$(TARGET_NAME)";
				SWIFT_EMIT_LOC_STRINGS = YES;
				SWIFT_VERSION = 5.0;
				TARGETED_DEVICE_FAMILY = "1,2";
			};
			name = Release;
		};
/* End XCBuildConfiguration section */

/* Begin XCConfigurationList section */
		8823B08A29019693007C45FB /* Build configuration list for PBXProject "Decorator" */ = {
			isa = XCConfigurationList;
			buildConfigurations = (
				8823B0A129019693007C45FB /* Debug */,
				8823B0A229019693007C45FB /* Release */,
			);
			defaultConfigurationIsVisible = 0;
			defaultConfigurationName = Release;
		};
		8823B0A329019693007C45FB /* Build configuration list for PBXNativeTarget "Decorator" */ = {
			isa = XCConfigurationList;
			buildConfigurations = (
				8823B0A429019693007C45FB /* Debug */,
				8823B0A529019693007C45FB /* Release */,
			);
			defaultConfigurationIsVisible = 0;
			defaultConfigurationName = Release;
		};
/* End XCConfigurationList section */
	};
	rootObject = 8823B08729019693007C45FB /* Project object */;
}
